
Microsoft Visual Studio Solution File, Format Version 12.00
# Visual Studio Version 16
VisualStudioVersion = 16.0.29728.190
MinimumVisualStudioVersion = 10.0.40219.1
Project("{A0786B88-2ADB-4C21-ABE8-AA2D79766269}") = "ecom", "ecom.phpproj", "{7101CEFB-1806-4B31-AFCC-77FCAB41C365}"
EndProject
Global
	GlobalSection(SolutionConfigurationPlatforms) = preSolution
		Debug|Any CPU = Debug|Any CPU
		Release|Any CPU = Release|Any CPU
	EndGlobalSection
	GlobalSection(ProjectConfigurationPlatforms) = postSolution
		{7101CEFB-1806-4B31-AFCC-77FCAB41C365}.Debug|Any CPU.ActiveCfg = Debug|Any CPU
		{7101CEFB-1806-4B31-AFCC-77FCAB41C365}.Release|Any CPU.ActiveCfg = Release|Any CPU
	EndGlobalSection
	GlobalSection(SolutionProperties) = preSolution
		HideSolutionNode = FALSE
	EndGlobalSection
	GlobalSection(ExtensibilityGlobals) = postSolution
		SolutionGuid = {CE3766A9-3FD7-4D9E-9644-F33167A9E717}
	EndGlobalSection
EndGlobal
